
Microsoft Visual Studio Solution File, Format Version 12.00
# Visual Studio Version 16
VisualStudioVersion = 16.0.31727.386
MinimumVisualStudioVersion = 10.0.40219.1
Project("{8BC9CEB8-8B4A-11D0-8D11-00A0C91BC942}") = "NoTitleMove", "NoTitleMove.vcxproj", "{748BE42A-03BB-48D6-BAA3-E9A371AB8EAF}"
EndProject
Global
	GlobalSection(SolutionConfigurationPlatforms) = preSolution
		Debug|x64 = Debug|x64
		Debug|x86 = Debug|x86
		Release|x64 = Release|x64
		Release|x86 = Release|x86
	EndGlobalSection
	GlobalSection(ProjectConfigurationPlatforms) = postSolution
		{748BE42A-03BB-48D6-BAA3-E9A371AB8EAF}.Debug|x64.ActiveCfg = Debug|x64
		{748BE42A-03BB-48D6-BAA3-E9A371AB8EAF}.Debug|x64.Build.0 = Debug|x64
		{748BE42A-03BB-48D6-BAA3-E9A371AB8EAF}.Debug|x86.ActiveCfg = Debug|Win32
		{748BE42A-03BB-48D6-BAA3-E9A371AB8EAF}.Debug|x86.Build.0 = Debug|Win32
		{748BE42A-03BB-48D6-BAA3-E9A371AB8EAF}.Release|x64.ActiveCfg = Release|x64
		{748BE42A-03BB-48D6-BAA3-E9A371AB8EAF}.Release|x64.Build.0 = Release|x64
		{748BE42A-03BB-48D6-BAA3-E9A371AB8EAF}.Release|x86.ActiveCfg = Release|Win32
		{748BE42A-03BB-48D6-BAA3-E9A371AB8EAF}.Release|x86.Build.0 = Release|Win32
	EndGlobalSection
	GlobalSection(SolutionProperties) = preSolution
		HideSolutionNode = FALSE
	EndGlobalSection
	GlobalSection(ExtensibilityGlobals) = postSolution
		SolutionGuid = {5672F70A-F516-4713-9C68-C1BFE461B260}
	EndGlobalSection
EndGlobal
